Microsoft Visual Studio Solution File, Format Version 12.00
# Visual Studio Version 17
VisualStudioVersion = 17.5.2.0
MinimumVisualStudioVersion = 10.0.40219.1
Project("{FAE04EC0-301F-11D3-BF4B-00C04F79EFBC}") = "fpaaTRAB", "fpaaTRAB\fpaaTRAB.csproj", "{8878C24B-1215-5648-D22F-4EA6974CD713}"
EndProject
Global
	GlobalSection(SolutionConfigurationPlatforms) = preSolution
		Debug|Any CPU = Debug|Any CPU
		Release|Any CPU = Release|Any CPU
	EndGlobalSection
	GlobalSection(ProjectConfigurationPlatforms) = postSolution
		{8878C24B-1215-5648-D22F-4EA6974CD713}.Debug|Any CPU.ActiveCfg = Debug|Any CPU
		{8878C24B-1215-5648-D22F-4EA6974CD713}.Debug|Any CPU.Build.0 = Debug|Any CPU
		{8878C24B-1215-5648-D22F-4EA6974CD713}.Release|Any CPU.ActiveCfg = Release|Any CPU
		{8878C24B-1215-5648-D22F-4EA6974CD713}.Release|Any CPU.Build.0 = Release|Any CPU
	EndGlobalSection
	GlobalSection(SolutionProperties) = preSolution
		HideSolutionNode = FALSE
	EndGlobalSection
	GlobalSection(ExtensibilityGlobals) = postSolution
		SolutionGuid = {CACAF54E-88A8-4C40-A611-73FE89468195}
	EndGlobalSection
EndGlobal
